
Microsoft Visual Studio Solution File, Format Version 12.00
# Visual Studio Version 16
VisualStudioVersion = 16.0.31729.503
MinimumVisualStudioVersion = 10.0.40219.1
Project("{FAE04EC0-301F-11D3-BF4B-00C04F79EFBC}") = "MCD_ClassEncapsulation", "MCD_ClassEncapsulation\MCD_ClassEncapsulation.csproj", "{FC93D1A7-8027-4546-8714-F71829322B07}"
EndProject
Global
	GlobalSection(SolutionConfigurationPlatforms) = preSolution
		Debug|Any CPU = Debug|Any CPU
		Release|Any CPU = Release|Any CPU
	EndGlobalSection
	GlobalSection(ProjectConfigurationPlatforms) = postSolution
		{FC93D1A7-8027-4546-8714-F71829322B07}.Debug|Any CPU.ActiveCfg = Debug|Any CPU
		{FC93D1A7-8027-4546-8714-F71829322B07}.Debug|Any CPU.Build.0 = Debug|Any CPU
		{FC93D1A7-8027-4546-8714-F71829322B07}.Release|Any CPU.ActiveCfg = Release|Any CPU
		{FC93D1A7-8027-4546-8714-F71829322B07}.Release|Any CPU.Build.0 = Release|Any CPU
	EndGlobalSection
	GlobalSection(SolutionProperties) = preSolution
		HideSolutionNode = FALSE
	EndGlobalSection
	GlobalSection(ExtensibilityGlobals) = postSolution
		SolutionGuid = {D773770E-17AC-4095-9CC6-4009D707BDDB}
	EndGlobalSection
EndGlobal
